
Microsoft Visual Studio Solution File, Format Version 12.00
# Visual Studio Version 16
VisualStudioVersion = 16.0.31025.194
MinimumVisualStudioVersion = 10.0.40219.1
Project("{FAE04EC0-301F-11D3-BF4B-00C04F79EFBC}") = "Memenim.Scripting", "Memenim.Scripting.csproj", "{89AFA98E-EFCE-44CD-82B0-B5ED228A20B4}"
EndProject
Global
	GlobalSection(SolutionConfigurationPlatforms) = preSolution
		Debug|Any CPU = Debug|Any CPU
		Release Nuget|Any CPU = Release Nuget|Any CPU
		Release|Any CPU = Release|Any CPU
	EndGlobalSection
	GlobalSection(ProjectConfigurationPlatforms) = postSolution
		{89AFA98E-EFCE-44CD-82B0-B5ED228A20B4}.Debug|Any CPU.ActiveCfg = Debug|Any CPU
		{89AFA98E-EFCE-44CD-82B0-B5ED228A20B4}.Debug|Any CPU.Build.0 = Debug|Any CPU
		{89AFA98E-EFCE-44CD-82B0-B5ED228A20B4}.Release Nuget|Any CPU.ActiveCfg = Release Nuget|Any CPU
		{89AFA98E-EFCE-44CD-82B0-B5ED228A20B4}.Release Nuget|Any CPU.Build.0 = Release Nuget|Any CPU
		{89AFA98E-EFCE-44CD-82B0-B5ED228A20B4}.Release|Any CPU.ActiveCfg = Release|Any CPU
		{89AFA98E-EFCE-44CD-82B0-B5ED228A20B4}.Release|Any CPU.Build.0 = Release|Any CPU
	EndGlobalSection
	GlobalSection(SolutionProperties) = preSolution
		HideSolutionNode = FALSE
	EndGlobalSection
	GlobalSection(ExtensibilityGlobals) = postSolution
		SolutionGuid = {3E247D2B-FE02-417C-9BF1-524F5DDB5A7F}
	EndGlobalSection
EndGlobal
